Microsoft Visual Studio Solution File, Format Version 12.00
# Visual Studio 15
VisualStudioVersion = 15.0.26124.0
MinimumVisualStudioVersion = 15.0.26124.0
Project("{FAE04EC0-301F-11D3-BF4B-00C04F79EFBC}") = "dotrop", "dotrop\dotrop.csproj", "{D1D46E07-D8F0-459A-942A-6922DF439157}"
EndProject
Project("{FAE04EC0-301F-11D3-BF4B-00C04F79EFBC}") = "generate", "examples\generate.csproj", "{1D29A878-4A5B-456F-8515-DBB290ED83CF}"
EndProject
Project("{FAE04EC0-301F-11D3-BF4B-00C04F79EFBC}") = "encrypt", "examples\encrypt.csproj", "{246E6D17-5E0B-4463-BF6A-CD022F9F480A}"
EndProject
Project("{FAE04EC0-301F-11D3-BF4B-00C04F79EFBC}") = "decrypt", "examples\decrypt.csproj", "{113B1DDA-D74C-49D8-BF23-0BD9897E8C54}"
EndProject
Project("{FAE04EC0-301F-11D3-BF4B-00C04F79EFBC}") = "sign", "examples\sign.csproj", "{D2369209-FD45-4C7D-BA44-E4455692F91F}"
EndProject
Project("{FAE04EC0-301F-11D3-BF4B-00C04F79EFBC}") = "verify", "examples\verify.csproj", "{151CD426-F7E1-4B50-AC41-858346B2B5FF}"
EndProject
Project("{FAE04EC0-301F-11D3-BF4B-00C04F79EFBC}") = "dump", "examples\dump.csproj", "{12A6636E-8B0B-49B3-A26C-D0BA93BDC683}"
EndProject
Project("{F184B08F-C81C-45F6-A57F-5ABD9991F28F}") = "generate_vb", "examples_vb\generate.vbproj", "{8B0383F8-77BD-4878-9FDA-228828F74954}"
EndProject
Project("{F184B08F-C81C-45F6-A57F-5ABD9991F28F}") = "encrypt_vb", "examples_vb\encrypt.vbproj", "{9DF863F3-D59B-48CB-9ACD-4A481CCC6154}"
EndProject
Project("{F184B08F-C81C-45F6-A57F-5ABD9991F28F}") = "decrypt_vb", "examples_vb\decrypt.vbproj", "{323AA673-368F-472F-A04A-9B87FBA323F3}"
EndProject
Project("{F184B08F-C81C-45F6-A57F-5ABD9991F28F}") = "sign_vb", "examples_vb\sign.vbproj", "{B1EEE892-1F7F-4966-AE58-5E936E025706}"
EndProject
Project("{F184B08F-C81C-45F6-A57F-5ABD9991F28F}") = "verify_vb", "examples_vb\verify.vbproj", "{61A21B95-7C38-4430-87FA-695F23B6AAF2}"
EndProject
Project("{F184B08F-C81C-45F6-A57F-5ABD9991F28F}") = "dump_vb", "examples_vb\dump.vbproj", "{11125787-C08C-488E-903B-24E66C0A95E7}"
EndProject
Project("{FAE04EC0-301F-11D3-BF4B-00C04F79EFBC}") = "extest", "tests\extest.csproj", "{690FDD9D-CB15-4F60-A1D8-57887F8C830B}"
EndProject
Project("{F184B08F-C81C-45F6-A57F-5ABD9991F28F}") = "extest_vb", "tests\extest_vb.vbproj", "{F1C6D605-4796-4F47-902D-5968559C219D}"
EndProject
Global
	GlobalSection(SolutionConfigurationPlatforms) = preSolution
		Debug|Any CPU = Debug|Any CPU
		Debug|x64 = Debug|x64
		Debug|x86 = Debug|x86
		Release|Any CPU = Release|Any CPU
		Release|x64 = Release|x64
		Release|x86 = Release|x86
	EndGlobalSection
	GlobalSection(SolutionProperties) = preSolution
		HideSolutionNode = FALSE
	EndGlobalSection
	GlobalSection(ProjectConfigurationPlatforms) = postSolution
		{D1D46E07-D8F0-459A-942A-6922DF439157}.Debug|Any CPU.ActiveCfg = Debug|Any CPU
		{D1D46E07-D8F0-459A-942A-6922DF439157}.Debug|Any CPU.Build.0 = Debug|Any CPU
		{D1D46E07-D8F0-459A-942A-6922DF439157}.Debug|x64.ActiveCfg = Debug|Any CPU
		{D1D46E07-D8F0-459A-942A-6922DF439157}.Debug|x64.Build.0 = Debug|Any CPU
		{D1D46E07-D8F0-459A-942A-6922DF439157}.Debug|x86.ActiveCfg = Debug|Any CPU
		{D1D46E07-D8F0-459A-942A-6922DF439157}.Debug|x86.Build.0 = Debug|Any CPU
		{D1D46E07-D8F0-459A-942A-6922DF439157}.Release|Any CPU.ActiveCfg = Release|Any CPU
		{D1D46E07-D8F0-459A-942A-6922DF439157}.Release|Any CPU.Build.0 = Release|Any CPU
		{D1D46E07-D8F0-459A-942A-6922DF439157}.Release|x64.ActiveCfg = Release|Any CPU
		{D1D46E07-D8F0-459A-942A-6922DF439157}.Release|x64.Build.0 = Release|Any CPU
		{D1D46E07-D8F0-459A-942A-6922DF439157}.Release|x86.ActiveCfg = Release|Any CPU
		{D1D46E07-D8F0-459A-942A-6922DF439157}.Release|x86.Build.0 = Release|Any CPU
		{C9AFDC98-FEF0-4004-A794-EFEBBF0D7929}.Debug|Any CPU.ActiveCfg = Debug|Any CPU
		{C9AFDC98-FEF0-4004-A794-EFEBBF0D7929}.Debug|Any CPU.Build.0 = Debug|Any CPU
		{C9AFDC98-FEF0-4004-A794-EFEBBF0D7929}.Debug|x64.ActiveCfg = Debug|Any CPU
		{C9AFDC98-FEF0-4004-A794-EFEBBF0D7929}.Debug|x64.Build.0 = Debug|Any CPU
		{C9AFDC98-FEF0-4004-A794-EFEBBF0D7929}.Debug|x86.ActiveCfg = Debug|Any CPU
		{C9AFDC98-FEF0-4004-A794-EFEBBF0D7929}.Debug|x86.Build.0 = Debug|Any CPU
		{C9AFDC98-FEF0-4004-A794-EFEBBF0D7929}.Release|Any CPU.ActiveCfg = Release|Any CPU
		{C9AFDC98-FEF0-4004-A794-EFEBBF0D7929}.Release|Any CPU.Build.0 = Release|Any CPU
		{C9AFDC98-FEF0-4004-A794-EFEBBF0D7929}.Release|x64.ActiveCfg = Release|Any CPU
		{C9AFDC98-FEF0-4004-A794-EFEBBF0D7929}.Release|x64.Build.0 = Release|Any CPU
		{C9AFDC98-FEF0-4004-A794-EFEBBF0D7929}.Release|x86.ActiveCfg = Release|Any CPU
		{C9AFDC98-FEF0-4004-A794-EFEBBF0D7929}.Release|x86.Build.0 = Release|Any CPU
		{1D29A878-4A5B-456F-8515-DBB290ED83CF}.Debug|Any CPU.ActiveCfg = Debug|Any CPU
		{1D29A878-4A5B-456F-8515-DBB290ED83CF}.Debug|Any CPU.Build.0 = Debug|Any CPU
		{1D29A878-4A5B-456F-8515-DBB290ED83CF}.Debug|x64.ActiveCfg = Debug|Any CPU
		{1D29A878-4A5B-456F-8515-DBB290ED83CF}.Debug|x64.Build.0 = Debug|Any CPU
		{1D29A878-4A5B-456F-8515-DBB290ED83CF}.Debug|x86.ActiveCfg = Debug|Any CPU
		{1D29A878-4A5B-456F-8515-DBB290ED83CF}.Debug|x86.Build.0 = Debug|Any CPU
		{1D29A878-4A5B-456F-8515-DBB290ED83CF}.Release|Any CPU.ActiveCfg = Release|Any CPU
		{1D29A878-4A5B-456F-8515-DBB290ED83CF}.Release|Any CPU.Build.0 = Release|Any CPU
		{1D29A878-4A5B-456F-8515-DBB290ED83CF}.Release|x64.ActiveCfg = Release|Any CPU
		{1D29A878-4A5B-456F-8515-DBB290ED83CF}.Release|x64.Build.0 = Release|Any CPU
		{1D29A878-4A5B-456F-8515-DBB290ED83CF}.Release|x86.ActiveCfg = Release|Any CPU
		{1D29A878-4A5B-456F-8515-DBB290ED83CF}.Release|x86.Build.0 = Release|Any CPU
		{246E6D17-5E0B-4463-BF6A-CD022F9F480A}.Debug|Any CPU.ActiveCfg = Debug|Any CPU
		{246E6D17-5E0B-4463-BF6A-CD022F9F480A}.Debug|Any CPU.Build.0 = Debug|Any CPU
		{246E6D17-5E0B-4463-BF6A-CD022F9F480A}.Debug|x64.ActiveCfg = Debug|Any CPU
		{246E6D17-5E0B-4463-BF6A-CD022F9F480A}.Debug|x64.Build.0 = Debug|Any CPU
		{246E6D17-5E0B-4463-BF6A-CD022F9F480A}.Debug|x86.ActiveCfg = Debug|Any CPU
		{246E6D17-5E0B-4463-BF6A-CD022F9F480A}.Debug|x86.Build.0 = Debug|Any CPU
		{246E6D17-5E0B-4463-BF6A-CD022F9F480A}.Release|Any CPU.ActiveCfg = Release|Any CPU
		{246E6D17-5E0B-4463-BF6A-CD022F9F480A}.Release|Any CPU.Build.0 = Release|Any CPU
		{246E6D17-5E0B-4463-BF6A-CD022F9F480A}.Release|x64.ActiveCfg = Release|Any CPU
		{246E6D17-5E0B-4463-BF6A-CD022F9F480A}.Release|x64.Build.0 = Release|Any CPU
		{246E6D17-5E0B-4463-BF6A-CD022F9F480A}.Release|x86.ActiveCfg = Release|Any CPU
		{246E6D17-5E0B-4463-BF6A-CD022F9F480A}.Release|x86.Build.0 = Release|Any CPU
		{113B1DDA-D74C-49D8-BF23-0BD9897E8C54}.Debug|Any CPU.ActiveCfg = Debug|Any CPU
		{113B1DDA-D74C-49D8-BF23-0BD9897E8C54}.Debug|Any CPU.Build.0 = Debug|Any CPU
		{113B1DDA-D74C-49D8-BF23-0BD9897E8C54}.Debug|x64.ActiveCfg = Debug|Any CPU
		{113B1DDA-D74C-49D8-BF23-0BD9897E8C54}.Debug|x64.Build.0 = Debug|Any CPU
		{113B1DDA-D74C-49D8-BF23-0BD9897E8C54}.Debug|x86.ActiveCfg = Debug|Any CPU
		{113B1DDA-D74C-49D8-BF23-0BD9897E8C54}.Debug|x86.Build.0 = Debug|Any CPU
		{113B1DDA-D74C-49D8-BF23-0BD9897E8C54}.Release|Any CPU.ActiveCfg = Release|Any CPU
		{113B1DDA-D74C-49D8-BF23-0BD9897E8C54}.Release|Any CPU.Build.0 = Release|Any CPU
		{113B1DDA-D74C-49D8-BF23-0BD9897E8C54}.Release|x64.ActiveCfg = Release|Any CPU
		{113B1DDA-D74C-49D8-BF23-0BD9897E8C54}.Release|x64.Build.0 = Release|Any CPU
		{113B1DDA-D74C-49D8-BF23-0BD9897E8C54}.Release|x86.ActiveCfg = Release|Any CPU
		{113B1DDA-D74C-49D8-BF23-0BD9897E8C54}.Release|x86.Build.0 = Release|Any CPU
		{D2369209-FD45-4C7D-BA44-E4455692F91F}.Debug|Any CPU.ActiveCfg = Debug|Any CPU
		{D2369209-FD45-4C7D-BA44-E4455692F91F}.Debug|Any CPU.Build.0 = Debug|Any CPU
		{D2369209-FD45-4C7D-BA44-E4455692F91F}.Debug|x64.ActiveCfg = Debug|Any CPU
		{D2369209-FD45-4C7D-BA44-E4455692F91F}.Debug|x64.Build.0 = Debug|Any CPU
		{D2369209-FD45-4C7D-BA44-E4455692F91F}.Debug|x86.ActiveCfg = Debug|Any CPU
		{D2369209-FD45-4C7D-BA44-E4455692F91F}.Debug|x86.Build.0 = Debug|Any CPU
		{D2369209-FD45-4C7D-BA44-E4455692F91F}.Release|Any CPU.ActiveCfg = Release|Any CPU
		{D2369209-FD45-4C7D-BA44-E4455692F91F}.Release|Any CPU.Build.0 = Release|Any CPU
		{D2369209-FD45-4C7D-BA44-E4455692F91F}.Release|x64.ActiveCfg = Release|Any CPU
		{D2369209-FD45-4C7D-BA44-E4455692F91F}.Release|x64.Build.0 = Release|Any CPU
		{D2369209-FD45-4C7D-BA44-E4455692F91F}.Release|x86.ActiveCfg = Release|Any CPU
		{D2369209-FD45-4C7D-BA44-E4455692F91F}.Release|x86.Build.0 = Release|Any CPU
		{151CD426-F7E1-4B50-AC41-858346B2B5FF}.Debug|Any CPU.ActiveCfg = Debug|Any CPU
		{151CD426-F7E1-4B50-AC41-858346B2B5FF}.Debug|Any CPU.Build.0 = Debug|Any CPU
		{151CD426-F7E1-4B50-AC41-858346B2B5FF}.Debug|x64.ActiveCfg = Debug|Any CPU
		{151CD426-F7E1-4B50-AC41-858346B2B5FF}.Debug|x64.Build.0 = Debug|Any CPU
		{151CD426-F7E1-4B50-AC41-858346B2B5FF}.Debug|x86.ActiveCfg = Debug|Any CPU
		{151CD426-F7E1-4B50-AC41-858346B2B5FF}.Debug|x86.Build.0 = Debug|Any CPU
		{151CD426-F7E1-4B50-AC41-858346B2B5FF}.Release|Any CPU.ActiveCfg = Release|Any CPU
		{151CD426-F7E1-4B50-AC41-858346B2B5FF}.Release|Any CPU.Build.0 = Release|Any CPU
		{151CD426-F7E1-4B50-AC41-858346B2B5FF}.Release|x64.ActiveCfg = Release|Any CPU
		{151CD426-F7E1-4B50-AC41-858346B2B5FF}.Release|x64.Build.0 = Release|Any CPU
		{151CD426-F7E1-4B50-AC41-858346B2B5FF}.Release|x86.ActiveCfg = Release|Any CPU
		{151CD426-F7E1-4B50-AC41-858346B2B5FF}.Release|x86.Build.0 = Release|Any CPU
		{12A6636E-8B0B-49B3-A26C-D0BA93BDC683}.Debug|Any CPU.ActiveCfg = Debug|Any CPU
		{12A6636E-8B0B-49B3-A26C-D0BA93BDC683}.Debug|Any CPU.Build.0 = Debug|Any CPU
		{12A6636E-8B0B-49B3-A26C-D0BA93BDC683}.Debug|x64.ActiveCfg = Debug|Any CPU
		{12A6636E-8B0B-49B3-A26C-D0BA93BDC683}.Debug|x64.Build.0 = Debug|Any CPU
		{12A6636E-8B0B-49B3-A26C-D0BA93BDC683}.Debug|x86.ActiveCfg = Debug|Any CPU
		{12A6636E-8B0B-49B3-A26C-D0BA93BDC683}.Debug|x86.Build.0 = Debug|Any CPU
		{12A6636E-8B0B-49B3-A26C-D0BA93BDC683}.Release|Any CPU.ActiveCfg = Release|Any CPU
		{12A6636E-8B0B-49B3-A26C-D0BA93BDC683}.Release|Any CPU.Build.0 = Release|Any CPU
		{12A6636E-8B0B-49B3-A26C-D0BA93BDC683}.Release|x64.ActiveCfg = Release|Any CPU
		{12A6636E-8B0B-49B3-A26C-D0BA93BDC683}.Release|x64.Build.0 = Release|Any CPU
		{12A6636E-8B0B-49B3-A26C-D0BA93BDC683}.Release|x86.ActiveCfg = Release|Any CPU
		{12A6636E-8B0B-49B3-A26C-D0BA93BDC683}.Release|x86.Build.0 = Release|Any CPU
		{8B0383F8-77BD-4878-9FDA-228828F74954}.Debug|Any CPU.ActiveCfg = Debug|Any CPU
		{8B0383F8-77BD-4878-9FDA-228828F74954}.Debug|Any CPU.Build.0 = Debug|Any CPU
		{8B0383F8-77BD-4878-9FDA-228828F74954}.Debug|x64.ActiveCfg = Debug|Any CPU
		{8B0383F8-77BD-4878-9FDA-228828F74954}.Debug|x64.Build.0 = Debug|Any CPU
		{8B0383F8-77BD-4878-9FDA-228828F74954}.Debug|x86.ActiveCfg = Debug|Any CPU
		{8B0383F8-77BD-4878-9FDA-228828F74954}.Debug|x86.Build.0 = Debug|Any CPU
		{8B0383F8-77BD-4878-9FDA-228828F74954}.Release|Any CPU.ActiveCfg = Release|Any CPU
		{8B0383F8-77BD-4878-9FDA-228828F74954}.Release|Any CPU.Build.0 = Release|Any CPU
		{8B0383F8-77BD-4878-9FDA-228828F74954}.Release|x64.ActiveCfg = Release|Any CPU
		{8B0383F8-77BD-4878-9FDA-228828F74954}.Release|x64.Build.0 = Release|Any CPU
		{8B0383F8-77BD-4878-9FDA-228828F74954}.Release|x86.ActiveCfg = Release|Any CPU
		{8B0383F8-77BD-4878-9FDA-228828F74954}.Release|x86.Build.0 = Release|Any CPU
		{9DF863F3-D59B-48CB-9ACD-4A481CCC6154}.Debug|Any CPU.ActiveCfg = Debug|Any CPU
		{9DF863F3-D59B-48CB-9ACD-4A481CCC6154}.Debug|Any CPU.Build.0 = Debug|Any CPU
		{9DF863F3-D59B-48CB-9ACD-4A481CCC6154}.Debug|x64.ActiveCfg = Debug|Any CPU
		{9DF863F3-D59B-48CB-9ACD-4A481CCC6154}.Debug|x64.Build.0 = Debug|Any CPU
		{9DF863F3-D59B-48CB-9ACD-4A481CCC6154}.Debug|x86.ActiveCfg = Debug|Any CPU
		{9DF863F3-D59B-48CB-9ACD-4A481CCC6154}.Debug|x86.Build.0 = Debug|Any CPU
		{9DF863F3-D59B-48CB-9ACD-4A481CCC6154}.Release|Any CPU.ActiveCfg = Release|Any CPU
		{9DF863F3-D59B-48CB-9ACD-4A481CCC6154}.Release|Any CPU.Build.0 = Release|Any CPU
		{9DF863F3-D59B-48CB-9ACD-4A481CCC6154}.Release|x64.ActiveCfg = Release|Any CPU
		{9DF863F3-D59B-48CB-9ACD-4A481CCC6154}.Release|x64.Build.0 = Release|Any CPU
		{9DF863F3-D59B-48CB-9ACD-4A481CCC6154}.Release|x86.ActiveCfg = Release|Any CPU
		{9DF863F3-D59B-48CB-9ACD-4A481CCC6154}.Release|x86.Build.0 = Release|Any CPU
		{323AA673-368F-472F-A04A-9B87FBA323F3}.Debug|Any CPU.ActiveCfg = Debug|Any CPU
		{323AA673-368F-472F-A04A-9B87FBA323F3}.Debug|Any CPU.Build.0 = Debug|Any CPU
		{323AA673-368F-472F-A04A-9B87FBA323F3}.Debug|x64.ActiveCfg = Debug|Any CPU
		{323AA673-368F-472F-A04A-9B87FBA323F3}.Debug|x64.Build.0 = Debug|Any CPU
		{323AA673-368F-472F-A04A-9B87FBA323F3}.Debug|x86.ActiveCfg = Debug|Any CPU
		{323AA673-368F-472F-A04A-9B87FBA323F3}.Debug|x86.Build.0 = Debug|Any CPU
		{323AA673-368F-472F-A04A-9B87FBA323F3}.Release|Any CPU.ActiveCfg = Release|Any CPU
		{323AA673-368F-472F-A04A-9B87FBA323F3}.Release|Any CPU.Build.0 = Release|Any CPU
		{323AA673-368F-472F-A04A-9B87FBA323F3}.Release|x64.ActiveCfg = Release|Any CPU
		{323AA673-368F-472F-A04A-9B87FBA323F3}.Release|x64.Build.0 = Release|Any CPU
		{323AA673-368F-472F-A04A-9B87FBA323F3}.Release|x86.ActiveCfg = Release|Any CPU
		{323AA673-368F-472F-A04A-9B87FBA323F3}.Release|x86.Build.0 = Release|Any CPU
		{B1EEE892-1F7F-4966-AE58-5E936E025706}.Debug|Any CPU.ActiveCfg = Debug|Any CPU
		{B1EEE892-1F7F-4966-AE58-5E936E025706}.Debug|Any CPU.Build.0 = Debug|Any CPU
		{B1EEE892-1F7F-4966-AE58-5E936E025706}.Debug|x64.ActiveCfg = Debug|Any CPU
		{B1EEE892-1F7F-4966-AE58-5E936E025706}.Debug|x64.Build.0 = Debug|Any CPU
		{B1EEE892-1F7F-4966-AE58-5E936E025706}.Debug|x86.ActiveCfg = Debug|Any CPU
		{B1EEE892-1F7F-4966-AE58-5E936E025706}.Debug|x86.Build.0 = Debug|Any CPU
		{B1EEE892-1F7F-4966-AE58-5E936E025706}.Release|Any CPU.ActiveCfg = Release|Any CPU
		{B1EEE892-1F7F-4966-AE58-5E936E025706}.Release|Any CPU.Build.0 = Release|Any CPU
		{B1EEE892-1F7F-4966-AE58-5E936E025706}.Release|x64.ActiveCfg = Release|Any CPU
		{B1EEE892-1F7F-4966-AE58-5E936E025706}.Release|x64.Build.0 = Release|Any CPU
		{B1EEE892-1F7F-4966-AE58-5E936E025706}.Release|x86.ActiveCfg = Release|Any CPU
		{B1EEE892-1F7F-4966-AE58-5E936E025706}.Release|x86.Build.0 = Release|Any CPU
		{61A21B95-7C38-4430-87FA-695F23B6AAF2}.Debug|Any CPU.ActiveCfg = Debug|Any CPU
		{61A21B95-7C38-4430-87FA-695F23B6AAF2}.Debug|Any CPU.Build.0 = Debug|Any CPU
		{61A21B95-7C38-4430-87FA-695F23B6AAF2}.Debug|x64.ActiveCfg = Debug|Any CPU
		{61A21B95-7C38-4430-87FA-695F23B6AAF2}.Debug|x64.Build.0 = Debug|Any CPU
		{61A21B95-7C38-4430-87FA-695F23B6AAF2}.Debug|x86.ActiveCfg = Debug|Any CPU
		{61A21B95-7C38-4430-87FA-695F23B6AAF2}.Debug|x86.Build.0 = Debug|Any CPU
		{61A21B95-7C38-4430-87FA-695F23B6AAF2}.Release|Any CPU.ActiveCfg = Release|Any CPU
		{61A21B95-7C38-4430-87FA-695F23B6AAF2}.Release|Any CPU.Build.0 = Release|Any CPU
		{61A21B95-7C38-4430-87FA-695F23B6AAF2}.Release|x64.ActiveCfg = Release|Any CPU
		{61A21B95-7C38-4430-87FA-695F23B6AAF2}.Release|x64.Build.0 = Release|Any CPU
		{61A21B95-7C38-4430-87FA-695F23B6AAF2}.Release|x86.ActiveCfg = Release|Any CPU
		{61A21B95-7C38-4430-87FA-695F23B6AAF2}.Release|x86.Build.0 = Release|Any CPU
		{11125787-C08C-488E-903B-24E66C0A95E7}.Debug|Any CPU.ActiveCfg = Debug|Any CPU
		{11125787-C08C-488E-903B-24E66C0A95E7}.Debug|Any CPU.Build.0 = Debug|Any CPU
		{11125787-C08C-488E-903B-24E66C0A95E7}.Debug|x64.ActiveCfg = Debug|Any CPU
		{11125787-C08C-488E-903B-24E66C0A95E7}.Debug|x64.Build.0 = Debug|Any CPU
		{11125787-C08C-488E-903B-24E66C0A95E7}.Debug|x86.ActiveCfg = Debug|Any CPU
		{11125787-C08C-488E-903B-24E66C0A95E7}.Debug|x86.Build.0 = Debug|Any CPU
		{11125787-C08C-488E-903B-24E66C0A95E7}.Release|Any CPU.ActiveCfg = Release|Any CPU
		{11125787-C08C-488E-903B-24E66C0A95E7}.Release|Any CPU.Build.0 = Release|Any CPU
		{11125787-C08C-488E-903B-24E66C0A95E7}.Release|x64.ActiveCfg = Release|Any CPU
		{11125787-C08C-488E-903B-24E66C0A95E7}.Release|x64.Build.0 = Release|Any CPU
		{11125787-C08C-488E-903B-24E66C0A95E7}.Release|x86.ActiveCfg = Release|Any CPU
		{11125787-C08C-488E-903B-24E66C0A95E7}.Release|x86.Build.0 = Release|Any CPU
		{690FDD9D-CB15-4F60-A1D8-57887F8C830B}.Debug|Any CPU.ActiveCfg = Debug|Any CPU
		{690FDD9D-CB15-4F60-A1D8-57887F8C830B}.Debug|Any CPU.Build.0 = Debug|Any CPU
		{690FDD9D-CB15-4F60-A1D8-57887F8C830B}.Debug|x64.ActiveCfg = Debug|Any CPU
		{690FDD9D-CB15-4F60-A1D8-57887F8C830B}.Debug|x64.Build.0 = Debug|Any CPU
		{690FDD9D-CB15-4F60-A1D8-57887F8C830B}.Debug|x86.ActiveCfg = Debug|Any CPU
		{690FDD9D-CB15-4F60-A1D8-57887F8C830B}.Debug|x86.Build.0 = Debug|Any CPU
		{690FDD9D-CB15-4F60-A1D8-57887F8C830B}.Release|Any CPU.ActiveCfg = Release|Any CPU
		{690FDD9D-CB15-4F60-A1D8-57887F8C830B}.Release|Any CPU.Build.0 = Release|Any CPU
		{690FDD9D-CB15-4F60-A1D8-57887F8C830B}.Release|x64.ActiveCfg = Release|Any CPU
		{690FDD9D-CB15-4F60-A1D8-57887F8C830B}.Release|x64.Build.0 = Release|Any CPU
		{690FDD9D-CB15-4F60-A1D8-57887F8C830B}.Release|x86.ActiveCfg = Release|Any CPU
		{690FDD9D-CB15-4F60-A1D8-57887F8C830B}.Release|x86.Build.0 = Release|Any CPU
		{F1C6D605-4796-4F47-902D-5968559C219D}.Debug|Any CPU.ActiveCfg = Debug|Any CPU
		{F1C6D605-4796-4F47-902D-5968559C219D}.Debug|Any CPU.Build.0 = Debug|Any CPU
		{F1C6D605-4796-4F47-902D-5968559C219D}.Debug|x64.ActiveCfg = Debug|Any CPU
		{F1C6D605-4796-4F47-902D-5968559C219D}.Debug|x64.Build.0 = Debug|Any CPU
		{F1C6D605-4796-4F47-902D-5968559C219D}.Debug|x86.ActiveCfg = Debug|Any CPU
		{F1C6D605-4796-4F47-902D-5968559C219D}.Debug|x86.Build.0 = Debug|Any CPU
		{F1C6D605-4796-4F47-902D-5968559C219D}.Release|Any CPU.ActiveCfg = Release|Any CPU
		{F1C6D605-4796-4F47-902D-5968559C219D}.Release|Any CPU.Build.0 = Release|Any CPU
		{F1C6D605-4796-4F47-902D-5968559C219D}.Release|x64.ActiveCfg = Release|Any CPU
		{F1C6D605-4796-4F47-902D-5968559C219D}.Release|x64.Build.0 = Release|Any CPU
		{F1C6D605-4796-4F47-902D-5968559C219D}.Release|x86.ActiveCfg = Release|Any CPU
		{F1C6D605-4796-4F47-902D-5968559C219D}.Release|x86.Build.0 = Release|Any CPU
	EndGlobalSection
EndGlobal
